
Microsoft Visual Studio Solution File, Format Version 12.00
# Visual Studio Version 17
VisualStudioVersion = 17.2.32519.379
MinimumVisualStudioVersion = 10.0.40219.1
Project("{FAE04EC0-301F-11D3-BF4B-00C04F79EFBC}") = "text_file_to_ui", "text_file_to_ui.csproj", "{662C2B03-7F36-48DC-93DD-794500BBE5F5}"
EndProject
Global
	GlobalSection(SolutionConfigurationPlatforms) = preSolution
		Debug|Any CPU = Debug|Any CPU
		Release|Any CPU = Release|Any CPU
	EndGlobalSection
	GlobalSection(ProjectConfigurationPlatforms) = postSolution
		{662C2B03-7F36-48DC-93DD-794500BBE5F5}.Debug|Any CPU.ActiveCfg = Debug|Any CPU
		{662C2B03-7F36-48DC-93DD-794500BBE5F5}.Debug|Any CPU.Build.0 = Debug|Any CPU
		{662C2B03-7F36-48DC-93DD-794500BBE5F5}.Release|Any CPU.ActiveCfg = Release|Any CPU
		{662C2B03-7F36-48DC-93DD-794500BBE5F5}.Release|Any CPU.Build.0 = Release|Any CPU
	EndGlobalSection
	GlobalSection(SolutionProperties) = preSolution
		HideSolutionNode = FALSE
	EndGlobalSection
	GlobalSection(ExtensibilityGlobals) = postSolution
		SolutionGuid = {8F60A966-AB79-444E-80F6-2E92BE06AEBA}
	EndGlobalSection
EndGlobal
